
Microsoft Visual Studio Solution File, Format Version 12.00
# Visual Studio Version 17
VisualStudioVersion = 17.2.32526.322
MinimumVisualStudioVersion = 10.0.40219.1
Project("{FAE04EC0-301F-11D3-BF4B-00C04F79EFBC}") = "Exercício 01 Lógica de Pogramação", "Exercício 01 Lógica de Pogramação\Exercício 01 Lógica de Pogramação.csproj", "{A81CBFA2-3156-41E7-B186-5D8FB33A2319}"
EndProject
Global
	GlobalSection(SolutionConfigurationPlatforms) = preSolution
		Debug|Any CPU = Debug|Any CPU
		Release|Any CPU = Release|Any CPU
	EndGlobalSection
	GlobalSection(ProjectConfigurationPlatforms) = postSolution
		{A81CBFA2-3156-41E7-B186-5D8FB33A2319}.Debug|Any CPU.ActiveCfg = Debug|Any CPU
		{A81CBFA2-3156-41E7-B186-5D8FB33A2319}.Debug|Any CPU.Build.0 = Debug|Any CPU
		{A81CBFA2-3156-41E7-B186-5D8FB33A2319}.Release|Any CPU.ActiveCfg = Release|Any CPU
		{A81CBFA2-3156-41E7-B186-5D8FB33A2319}.Release|Any CPU.Build.0 = Release|Any CPU
	EndGlobalSection
	GlobalSection(SolutionProperties) = preSolution
		HideSolutionNode = FALSE
	EndGlobalSection
	GlobalSection(ExtensibilityGlobals) = postSolution
		SolutionGuid = {9885B862-4B18-44C3-8E94-24C934A1FEFD}
	EndGlobalSection
EndGlobal
